
Microsoft Visual Studio Solution File, Format Version 12.00
# Visual Studio Version 16
VisualStudioVersion = 16.0.29424.173
MinimumVisualStudioVersion = 10.0.40219.1
Project("{FAE04EC0-301F-11D3-BF4B-00C04F79EFBC}") = "TptMain", "TptMain.csproj", "{642BD59B-9CC8-4247-A95C-0CC772F3C7F6}"
EndProject
Project("{FAE04EC0-301F-11D3-BF4B-00C04F79EFBC}") = "TptTest", "TptTest\TptTest.csproj", "{37090621-5C5B-4450-B178-C2A2C1B888FF}"
EndProject
Project("{FAE04EC0-301F-11D3-BF4B-00C04F79EFBC}") = "TptPublish", "TptPublish\TptPublish.csproj", "{6F752CE8-717D-4418-A521-7D58F26375C0}"
EndProject
Global
	GlobalSection(SolutionConfigurationPlatforms) = preSolution
		Debug|Any CPU = Debug|Any CPU
		Release|Any CPU = Release|Any CPU
	EndGlobalSection
	GlobalSection(ProjectConfigurationPlatforms) = postSolution
		{642BD59B-9CC8-4247-A95C-0CC772F3C7F6}.Debug|Any CPU.ActiveCfg = Debug|Any CPU
		{642BD59B-9CC8-4247-A95C-0CC772F3C7F6}.Debug|Any CPU.Build.0 = Debug|Any CPU
		{642BD59B-9CC8-4247-A95C-0CC772F3C7F6}.Release|Any CPU.ActiveCfg = Release|Any CPU
		{642BD59B-9CC8-4247-A95C-0CC772F3C7F6}.Release|Any CPU.Build.0 = Release|Any CPU
		{37090621-5C5B-4450-B178-C2A2C1B888FF}.Debug|Any CPU.ActiveCfg = Debug|Any CPU
		{37090621-5C5B-4450-B178-C2A2C1B888FF}.Debug|Any CPU.Build.0 = Debug|Any CPU
		{37090621-5C5B-4450-B178-C2A2C1B888FF}.Release|Any CPU.ActiveCfg = Release|Any CPU
		{37090621-5C5B-4450-B178-C2A2C1B888FF}.Release|Any CPU.Build.0 = Release|Any CPU
		{6F752CE8-717D-4418-A521-7D58F26375C0}.Debug|Any CPU.ActiveCfg = Debug|Any CPU
		{6F752CE8-717D-4418-A521-7D58F26375C0}.Debug|Any CPU.Build.0 = Debug|Any CPU
		{6F752CE8-717D-4418-A521-7D58F26375C0}.Release|Any CPU.ActiveCfg = Release|Any CPU
		{6F752CE8-717D-4418-A521-7D58F26375C0}.Release|Any CPU.Build.0 = Release|Any CPU
	EndGlobalSection
	GlobalSection(SolutionProperties) = preSolution
		HideSolutionNode = FALSE
	EndGlobalSection
	GlobalSection(ExtensibilityGlobals) = postSolution
		SolutionGuid = {4F5F18AF-6C03-458F-9BA5-59F349B78DB2}
	EndGlobalSection
EndGlobal
